
Microsoft Visual Studio Solution File, Format Version 12.00
Project("{FAE04EC0-301F-11D3-BF4B-00C04F79EFBC}") = "VolumeControl", "VolumeControl\VolumeControl.csproj", "{1D351CD9-B737-4A3A-B3A4-962D45C0B67E}"
EndProject
Global
	GlobalSection(SolutionConfigurationPlatforms) = preSolution
		Debug|Any CPU = Debug|Any CPU
		Release|Any CPU = Release|Any CPU
	EndGlobalSection
	GlobalSection(ProjectConfigurationPlatforms) = postSolution
		{1D351CD9-B737-4A3A-B3A4-962D45C0B67E}.Debug|Any CPU.ActiveCfg = Debug|Any CPU
		{1D351CD9-B737-4A3A-B3A4-962D45C0B67E}.Debug|Any CPU.Build.0 = Debug|Any CPU
		{1D351CD9-B737-4A3A-B3A4-962D45C0B67E}.Release|Any CPU.ActiveCfg = Release|Any CPU
		{1D351CD9-B737-4A3A-B3A4-962D45C0B67E}.Release|Any CPU.Build.0 = Release|Any CPU
	EndGlobalSection
EndGlobal
